// !$*UTF8*$!
{
	archiveVersion = 1;
	classes = {
	};
	objectVersion = 55;
	objects = {

/* Begin PBXBuildFile section */
		4502277827629B9900A1E75C /* AppDelegate.swift in Sources */ = {isa = PBXBuildFile; fileRef = 4502277727629B9900A1E75C /* AppDelegate.swift */; };
		4502277A27629B9900A1E75C /* SceneDelegate.swift in Sources */ = {isa = PBXBuildFile; fileRef = 4502277927629B9900A1E75C /* SceneDelegate.swift */; };
		4502277C27629B9900A1E75C /* HomeViewController.swift in Sources */ = {isa = PBXBuildFile; fileRef = 4502277B27629B9900A1E75C /* HomeViewController.swift */; };
		4502278127629B9A00A1E75C /* Assets.xcassets in Resources */ = {isa = PBXBuildFile; fileRef = 4502278027629B9A00A1E75C /* Assets.xcassets */; };
		4502278427629B9A00A1E75C /* LaunchScreen.storyboard in Resources */ = {isa = PBXBuildFile; fileRef = 4502278227629B9A00A1E75C /* LaunchScreen.storyboard */; };
		450227932762A8C400A1E75C /* APICaller.swift in Sources */ = {isa = PBXBuildFile; fileRef = 450227922762A8C400A1E75C /* APICaller.swift */; };
		450227952762A92800A1E75C /* TabBarViewController.swift in Sources */ = {isa = PBXBuildFile; fileRef = 450227942762A92800A1E75C /* TabBarViewController.swift */; };
		450227972762A9E300A1E75C /* SettingsViewController.swift in Sources */ = {isa = PBXBuildFile; fileRef = 450227962762A9E200A1E75C /* SettingsViewController.swift */; };
		450227992762AC9100A1E75C /* Persistance.swift in Sources */ = {isa = PBXBuildFile; fileRef = 450227982762AC9100A1E75C /* Persistance.swift */; };
		45165AD7276CE04500AC8FAC /* SportNewsCellViewModel.swift in Sources */ = {isa = PBXBuildFile; fileRef = 45165AD6276CE04500AC8FAC /* SportNewsCellViewModel.swift */; };
		45165AD9276CE30A00AC8FAC /* SportNewsCollectionViewCell.swift in Sources */ = {isa = PBXBuildFile; fileRef = 45165AD8276CE30A00AC8FAC /* SportNewsCollectionViewCell.swift */; };
		452C4E3B27638BDF007E69CD /* TopNewsTableViewCell.swift in Sources */ = {isa = PBXBuildFile; fileRef = 452C4E3A27638BDF007E69CD /* TopNewsTableViewCell.swift */; };
		452C4E3D27638C20007E69CD /* UIView+Ext.swift in Sources */ = {isa = PBXBuildFile; fileRef = 452C4E3C27638C20007E69CD /* UIView+Ext.swift */; };
		452C4E3F27639012007E69CD /* UIImageView+Ext.swift in Sources */ = {isa = PBXBuildFile; fileRef = 452C4E3E27639012007E69CD /* UIImageView+Ext.swift */; };
		452C4E4127639140007E69CD /* DateFormatter+Ext.swift in Sources */ = {isa = PBXBuildFile; fileRef = 452C4E4027639140007E69CD /* DateFormatter+Ext.swift */; };
		45A79C092764EBFF00303D64 /* MainNewsCellViewModel.swift in Sources */ = {isa = PBXBuildFile; fileRef = 45A79C082764EBFF00303D64 /* MainNewsCellViewModel.swift */; };
		45A79C0B2764ED0300303D64 /* MainNewsCollectionViewCell.swift in Sources */ = {isa = PBXBuildFile; fileRef = 45A79C0A2764ED0300303D64 /* MainNewsCollectionViewCell.swift */; };
		45D1E4CE276C893800ED3D6D /* TitleHeaderCollectionReusableView.swift in Sources */ = {isa = PBXBuildFile; fileRef = 45D1E4CD276C893800ED3D6D /* TitleHeaderCollectionReusableView.swift */; };
		45D1E4D0276C8C5A00ED3D6D /* BusinessNewsCellViewModel.swift in Sources */ = {isa = PBXBuildFile; fileRef = 45D1E4CF276C8C5A00ED3D6D /* BusinessNewsCellViewModel.swift */; };
		45D1E4D4276C8D7600ED3D6D /* BusinessNewsCollectionViewCell.swift in Sources */ = {isa = PBXBuildFile; fileRef = 45D1E4D3276C8D7600ED3D6D /* BusinessNewsCollectionViewCell.swift */; };
		45D86CD427634E3100D92E9B /* SearchResponse.swift in Sources */ = {isa = PBXBuildFile; fileRef = 45D86CD327634E3100D92E9B /* SearchResponse.swift */; };
		45D86CD7276350D700D92E9B /* TopNewsViewController.swift in Sources */ = {isa = PBXBuildFile; fileRef = 45D86CD6276350D700D92E9B /* TopNewsViewController.swift */; };
/* End PBXBuildFile section */

/* Begin PBXFileReference section */
		4502277427629B9900A1E75C /* NewsApp.app */ = {isa = PBXFileReference; explicitFileType = wrapper.application; includeInIndex = 0; path = NewsApp.app; sourceTree = BUILT_PRODUCTS_DIR; };
		4502277727629B9900A1E75C /* AppDelegate.swift */ = {isa = PBXFileReference; lastKnownFileType = sourcecode.swift; path = AppDelegate.swift; sourceTree = "<group>"; };
		4502277927629B9900A1E75C /* SceneDelegate.swift */ = {isa = PBXFileReference; lastKnownFileType = sourcecode.swift; path = SceneDelegate.swift; sourceTree = "<group>"; };
		4502277B27629B9900A1E75C /* HomeViewController.swift */ = {isa = PBXFileReference; lastKnownFileType = sourcecode.swift; path = HomeViewController.swift; sourceTree = "<group>"; };
		4502278027629B9A00A1E75C /* Assets.xcassets */ = {isa = PBXFileReference; lastKnownFileType = folder.assetcatalog; path = Assets.xcassets; sourceTree = "<group>"; };
		4502278327629B9A00A1E75C /* Base */ = {isa = PBXFileReference; lastKnownFileType = file.storyboard; name = Base; path = Base.lproj/LaunchScreen.storyboard; sourceTree = "<group>"; };
		4502278527629B9A00A1E75C /* Info.plist */ = {isa = PBXFileReference; lastKnownFileType = text.plist.xml; path = Info.plist; sourceTree = "<group>"; };
		450227922762A8C400A1E75C /* APICaller.swift */ = {isa = PBXFileReference; lastKnownFileType = sourcecode.swift; path = APICaller.swift; sourceTree = "<group>"; };
		450227942762A92800A1E75C /* TabBarViewController.swift */ = {isa = PBXFileReference; lastKnownFileType = sourcecode.swift; path = TabBarViewController.swift; sourceTree = "<group>"; };
		450227962762A9E200A1E75C /* SettingsViewController.swift */ = {isa = PBXFileReference; lastKnownFileType = sourcecode.swift; path = SettingsViewController.swift; sourceTree = "<group>"; };
		450227982762AC9100A1E75C /* Persistance.swift */ = {isa = PBXFileReference; lastKnownFileType = sourcecode.swift; path = Persistance.swift; sourceTree = "<group>"; };
		45165AD6276CE04500AC8FAC /* SportNewsCellViewModel.swift */ = {isa = PBXFileReference; lastKnownFileType = sourcecode.swift; path = SportNewsCellViewModel.swift; sourceTree = "<group>"; };
		45165AD8276CE30A00AC8FAC /* SportNewsCollectionViewCell.swift */ = {isa = PBXFileReference; lastKnownFileType = sourcecode.swift; path = SportNewsCollectionViewCell.swift; sourceTree = "<group>"; };
		452C4E3A27638BDF007E69CD /* TopNewsTableViewCell.swift */ = {isa = PBXFileReference; lastKnownFileType = sourcecode.swift; path = TopNewsTableViewCell.swift; sourceTree = "<group>"; };
		452C4E3C27638C20007E69CD /* UIView+Ext.swift */ = {isa = PBXFileReference; lastKnownFileType = sourcecode.swift; path = "UIView+Ext.swift"; sourceTree = "<group>"; };
		452C4E3E27639012007E69CD /* UIImageView+Ext.swift */ = {isa = PBXFileReference; lastKnownFileType = sourcecode.swift; path = "UIImageView+Ext.swift"; sourceTree = "<group>"; };
		452C4E4027639140007E69CD /* DateFormatter+Ext.swift */ = {isa = PBXFileReference; lastKnownFileType = sourcecode.swift; path = "DateFormatter+Ext.swift"; sourceTree = "<group>"; };
		45A79C082764EBFF00303D64 /* MainNewsCellViewModel.swift */ = {isa = PBXFileReference; lastKnownFileType = sourcecode.swift; path = MainNewsCellViewModel.swift; sourceTree = "<group>"; };
		45A79C0A2764ED0300303D64 /* MainNewsCollectionViewCell.swift */ = {isa = PBXFileReference; lastKnownFileType = sourcecode.swift; path = MainNewsCollectionViewCell.swift; sourceTree = "<group>"; };
		45D1E4CD276C893800ED3D6D /* TitleHeaderCollectionReusableView.swift */ = {isa = PBXFileReference; lastKnownFileType = sourcecode.swift; path = TitleHeaderCollectionReusableView.swift; sourceTree = "<group>"; };
		45D1E4CF276C8C5A00ED3D6D /* BusinessNewsCellViewModel.swift */ = {isa = PBXFileReference; lastKnownFileType = sourcecode.swift; path = BusinessNewsCellViewModel.swift; sourceTree = "<group>"; };
		45D1E4D3276C8D7600ED3D6D /* BusinessNewsCollectionViewCell.swift */ = {isa = PBXFileReference; lastKnownFileType = sourcecode.swift; path = BusinessNewsCollectionViewCell.swift; sourceTree = "<group>"; };
		45D86CD327634E3100D92E9B /* SearchResponse.swift */ = {isa = PBXFileReference; lastKnownFileType = sourcecode.swift; path = SearchResponse.swift; sourceTree = "<group>"; };
		45D86CD6276350D700D92E9B /* TopNewsViewController.swift */ = {isa = PBXFileReference; lastKnownFileType = sourcecode.swift; path = TopNewsViewController.swift; sourceTree = "<group>"; };
/* End PBXFileReference section */

/* Begin PBXFrameworksBuildPhase section */
		4502277127629B9900A1E75C /* Frameworks */ = {
			isa = PBXFrameworksBuildPhase;
			buildActionMask = 2147483647;
			files = (
			);
			runOnlyForDeploymentPostprocessing = 0;
		};
/* End PBXFrameworksBuildPhase section */

/* Begin PBXGroup section */
		4502276B27629B9800A1E75C = {
			isa = PBXGroup;
			children = (
				4502277627629B9900A1E75C /* NewsApp */,
				4502277527629B9900A1E75C /* Products */,
			);
			sourceTree = "<group>";
		};
		4502277527629B9900A1E75C /* Products */ = {
			isa = PBXGroup;
			children = (
				4502277427629B9900A1E75C /* NewsApp.app */,
			);
			name = Products;
			sourceTree = "<group>";
		};
		4502277627629B9900A1E75C /* NewsApp */ = {
			isa = PBXGroup;
			children = (
				45D86CD52763503C00D92E9B /* Extensions */,
				45D86CD1276336BD00D92E9B /* Services */,
				4502278C27629C8700A1E75C /* Default */,
				4502278E27629DA000A1E75C /* Views */,
				4502278F27629DAA00A1E75C /* Controllers */,
				450227902762A0B100A1E75C /* Models */,
				4502278527629B9A00A1E75C /* Info.plist */,
				45A79C072764EBC300303D64 /* ViewModels */,
			);
			path = NewsApp;
			sourceTree = "<group>";
		};
		4502278B27629C6A00A1E75C /* Resources */ = {
			isa = PBXGroup;
			children = (
				4502278027629B9A00A1E75C /* Assets.xcassets */,
			);
			path = Resources;
			sourceTree = "<group>";
		};
		4502278C27629C8700A1E75C /* Default */ = {
			isa = PBXGroup;
			children = (
				4502278B27629C6A00A1E75C /* Resources */,
				4502277727629B9900A1E75C /* AppDelegate.swift */,
				4502277927629B9900A1E75C /* SceneDelegate.swift */,
			);
			path = Default;
			sourceTree = "<group>";
		};
		4502278D27629D9500A1E75C /* Storyboards */ = {
			isa = PBXGroup;
			children = (
				4502278227629B9A00A1E75C /* LaunchScreen.storyboard */,
			);
			path = Storyboards;
			sourceTree = "<group>";
		};
		4502278E27629DA000A1E75C /* Views */ = {
			isa = PBXGroup;
			children = (
				4502279B2762AF4700A1E75C /* Other */,
				4502278D27629D9500A1E75C /* Storyboards */,
			);
			path = Views;
			sourceTree = "<group>";
		};
		4502278F27629DAA00A1E75C /* Controllers */ = {
			isa = PBXGroup;
			children = (
				4502277B27629B9900A1E75C /* HomeViewController.swift */,
				45D86CD6276350D700D92E9B /* TopNewsViewController.swift */,
				450227962762A9E200A1E75C /* SettingsViewController.swift */,
				450227942762A92800A1E75C /* TabBarViewController.swift */,
			);
			path = Controllers;
			sourceTree = "<group>";
		};
		450227902762A0B100A1E75C /* Models */ = {
			isa = PBXGroup;
			children = (
				45D86CD327634E3100D92E9B /* SearchResponse.swift */,
			);
			path = Models;
			sourceTree = "<group>";
		};
		4502279B2762AF4700A1E75C /* Other */ = {
			isa = PBXGroup;
			children = (
				452C4E3927638BAB007E69CD /* Cells */,
				45D1E4CD276C893800ED3D6D /* TitleHeaderCollectionReusableView.swift */,
			);
			path = Other;
			sourceTree = "<group>";
		};
		451491D8276DB0BB004C11D1 /* Home */ = {
			isa = PBXGroup;
			children = (
				45A79C0A2764ED0300303D64 /* MainNewsCollectionViewCell.swift */,
				45D1E4D3276C8D7600ED3D6D /* BusinessNewsCollectionViewCell.swift */,
				45165AD8276CE30A00AC8FAC /* SportNewsCollectionViewCell.swift */,
			);
			path = Home;
			sourceTree = "<group>";
		};
		452C4E3927638BAB007E69CD /* Cells */ = {
			isa = PBXGroup;
			children = (
				451491D8276DB0BB004C11D1 /* Home */,
				452C4E3A27638BDF007E69CD /* TopNewsTableViewCell.swift */,
			);
			path = Cells;
			sourceTree = "<group>";
		};
		45A79C072764EBC300303D64 /* ViewModels */ = {
			isa = PBXGroup;
			children = (
				45A79C082764EBFF00303D64 /* MainNewsCellViewModel.swift */,
				45D1E4CF276C8C5A00ED3D6D /* BusinessNewsCellViewModel.swift */,
				45165AD6276CE04500AC8FAC /* SportNewsCellViewModel.swift */,
			);
			path = ViewModels;
			sourceTree = "<group>";
		};
		45D86CD1276336BD00D92E9B /* Services */ = {
			isa = PBXGroup;
			children = (
				45D86CD2276336C500D92E9B /* Networking */,
				450227982762AC9100A1E75C /* Persistance.swift */,
			);
			path = Services;
			sourceTree = "<group>";
		};
		45D86CD2276336C500D92E9B /* Networking */ = {
			isa = PBXGroup;
			children = (
				450227922762A8C400A1E75C /* APICaller.swift */,
			);
			path = Networking;
			sourceTree = "<group>";
		};
		45D86CD52763503C00D92E9B /* Extensions */ = {
			isa = PBXGroup;
			children = (
				452C4E3C27638C20007E69CD /* UIView+Ext.swift */,
				452C4E3E27639012007E69CD /* UIImageView+Ext.swift */,
				452C4E4027639140007E69CD /* DateFormatter+Ext.swift */,
			);
			path = Extensions;
			sourceTree = "<group>";
		};
/* End PBXGroup section */

/* Begin PBXNativeTarget section */
		4502277327629B9900A1E75C /* NewsApp */ = {
			isa = PBXNativeTarget;
			buildConfigurationList = 4502278827629B9A00A1E75C /* Build configuration list for PBXNativeTarget "NewsApp" */;
			buildPhases = (
				4502277027629B9900A1E75C /* Sources */,
				4502277127629B9900A1E75C /* Frameworks */,
				4502277227629B9900A1E75C /* Resources */,
			);
			buildRules = (
			);
			dependencies = (
			);
			name = NewsApp;
			productName = NewsApp;
			productReference = 4502277427629B9900A1E75C /* NewsApp.app */;
			productType = "com.apple.product-type.application";
		};
/* End PBXNativeTarget section */

/* Begin PBXProject section */
		4502276C27629B9900A1E75C /* Project object */ = {
			isa = PBXProject;
			attributes = {
				BuildIndependentTargetsInParallel = 1;
				LastSwiftUpdateCheck = 1300;
				LastUpgradeCheck = 1300;
				TargetAttributes = {
					4502277327629B9900A1E75C = {
						CreatedOnToolsVersion = 13.0;
					};
				};
			};
			buildConfigurationList = 4502276F27629B9900A1E75C /* Build configuration list for PBXProject "NewsApp" */;
			compatibilityVersion = "Xcode 13.0";
			developmentRegion = en;
			hasScannedForEncodings = 0;
			knownRegions = (
				en,
				Base,
			);
			mainGroup = 4502276B27629B9800A1E75C;
			productRefGroup = 4502277527629B9900A1E75C /* Products */;
			projectDirPath = "";
			projectRoot = "";
			targets = (
				4502277327629B9900A1E75C /* NewsApp */,
			);
		};
/* End PBXProject section */

/* Begin PBXResourcesBuildPhase section */
		4502277227629B9900A1E75C /* Resources */ = {
			isa = PBXResourcesBuildPhase;
			buildActionMask = 2147483647;
			files = (
				4502278427629B9A00A1E75C /* LaunchScreen.storyboard in Resources */,
				4502278127629B9A00A1E75C /* Assets.xcassets in Resources */,
			);
			runOnlyForDeploymentPostprocessing = 0;
		};
/* End PBXResourcesBuildPhase section */

/* Begin PBXSourcesBuildPhase section */
		4502277027629B9900A1E75C /* Sources */ = {
			isa = PBXSourcesBuildPhase;
			buildActionMask = 2147483647;
			files = (
				452C4E3F27639012007E69CD /* UIImageView+Ext.swift in Sources */,
				45A79C0B2764ED0300303D64 /* MainNewsCollectionViewCell.swift in Sources */,
				450227992762AC9100A1E75C /* Persistance.swift in Sources */,
				45D1E4D0276C8C5A00ED3D6D /* BusinessNewsCellViewModel.swift in Sources */,
				452C4E4127639140007E69CD /* DateFormatter+Ext.swift in Sources */,
				452C4E3D27638C20007E69CD /* UIView+Ext.swift in Sources */,
				4502277C27629B9900A1E75C /* HomeViewController.swift in Sources */,
				4502277827629B9900A1E75C /* AppDelegate.swift in Sources */,
				45165AD9276CE30A00AC8FAC /* SportNewsCollectionViewCell.swift in Sources */,
				45D1E4CE276C893800ED3D6D /* TitleHeaderCollectionReusableView.swift in Sources */,
				4502277A27629B9900A1E75C /* SceneDelegate.swift in Sources */,
				452C4E3B27638BDF007E69CD /* TopNewsTableViewCell.swift in Sources */,
				45D86CD427634E3100D92E9B /* SearchResponse.swift in Sources */,
				450227952762A92800A1E75C /* TabBarViewController.swift in Sources */,
				45165AD7276CE04500AC8FAC /* SportNewsCellViewModel.swift in Sources */,
				450227932762A8C400A1E75C /* APICaller.swift in Sources */,
				450227972762A9E300A1E75C /* SettingsViewController.swift in Sources */,
				45A79C092764EBFF00303D64 /* MainNewsCellViewModel.swift in Sources */,
				45D1E4D4276C8D7600ED3D6D /* BusinessNewsCollectionViewCell.swift in Sources */,
				45D86CD7276350D700D92E9B /* TopNewsViewController.swift in Sources */,
			);
			runOnlyForDeploymentPostprocessing = 0;
		};
/* End PBXSourcesBuildPhase section */

/* Begin PBXVariantGroup section */
		4502278227629B9A00A1E75C /* LaunchScreen.storyboard */ = {
			isa = PBXVariantGroup;
			children = (
				4502278327629B9A00A1E75C /* Base */,
			);
			name = LaunchScreen.storyboard;
			sourceTree = "<group>";
		};
/* End PBXVariantGroup section */

/* Begin XCBuildConfiguration section */
		4502278627629B9A00A1E75C /* Debug */ = {
			isa = XCBuildConfiguration;
			buildSettings = {
				ALWAYS_SEARCH_USER_PATHS = NO;
				CLANG_ANALYZER_NONNULL = YES;
				CLANG_ANALYZER_NUMBER_OBJECT_CONVERSION = YES_AGGRESSIVE;
				CLANG_CXX_LANGUAGE_STANDARD = "gnu++17";
				CLANG_CXX_LIBRARY = "libc++";
				CLANG_ENABLE_MODULES = YES;
				CLANG_ENABLE_OBJC_ARC = YES;
				CLANG_ENABLE_OBJC_WEAK = YES;
				CLANG_WARN_BLOCK_CAPTURE_AUTORELEASING = YES;
				CLANG_WARN_BOOL_CONVERSION = YES;
				CLANG_WARN_COMMA = YES;
				CLANG_WARN_CONSTANT_CONVERSION = YES;
				CLANG_WARN_DEPRECATED_OBJC_IMPLEMENTATIONS = YES;
				CLANG_WARN_DIRECT_OBJC_ISA_USAGE = YES_ERROR;
				CLANG_WARN_DOCUMENTATION_COMMENTS = YES;
				CLANG_WARN_EMPTY_BODY = YES;
				CLANG_WARN_ENUM_CONVERSION = YES;
				CLANG_WARN_INFINITE_RECURSION = YES;
				CLANG_WARN_INT_CONVERSION = YES;
				CLANG_WARN_NON_LITERAL_NULL_CONVERSION = YES;
				CLANG_WARN_OBJC_IMPLICIT_RETAIN_SELF = YES;
				CLANG_WARN_OBJC_LITERAL_CONVERSION = YES;
				CLANG_WARN_OBJC_ROOT_CLASS = YES_ERROR;
				CLANG_WARN_QUOTED_INCLUDE_IN_FRAMEWORK_HEADER = YES;
				CLANG_WARN_RANGE_LOOP_ANALYSIS = YES;
				CLANG_WARN_STRICT_PROTOTYPES = YES;
				CLANG_WARN_SUSPICIOUS_MOVE = YES;
				CLANG_WARN_UNGUARDED_AVAILABILITY = YES_AGGRESSIVE;
				CLANG_WARN_UNREACHABLE_CODE = YES;
				CLANG_WARN__DUPLICATE_METHOD_MATCH = YES;
				COPY_PHASE_STRIP = NO;
				DEBUG_INFORMATION_FORMAT = dwarf;
				ENABLE_STRICT_OBJC_MSGSEND = YES;
				ENABLE_TESTABILITY = YES;
				GCC_C_LANGUAGE_STANDARD = gnu11;
				GCC_DYNAMIC_NO_PIC = NO;
				GCC_NO_COMMON_BLOCKS = YES;
				GCC_OPTIMIZATION_LEVEL = 0;
				GCC_PREPROCESSOR_DEFINITIONS = (
					"DEBUG=1",
					"$(inherited)",
				);
				GCC_WARN_64_TO_32_BIT_CONVERSION = YES;
				GCC_WARN_ABOUT_RETURN_TYPE = YES_ERROR;
				GCC_WARN_UNDECLARED_SELECTOR = YES;
				GCC_WARN_UNINITIALIZED_AUTOS = YES_AGGRESSIVE;
				GCC_WARN_UNUSED_FUNCTION = YES;
				GCC_WARN_UNUSED_VARIABLE = YES;
				IPHONEOS_DEPLOYMENT_TARGET = 13.0;
				MTL_ENABLE_DEBUG_INFO = INCLUDE_SOURCE;
				MTL_FAST_MATH = YES;
				ONLY_ACTIVE_ARCH = YES;
				SDKROOT = iphoneos;
				SWIFT_ACTIVE_COMPILATION_CONDITIONS = DEBUG;
				SWIFT_OPTIMIZATION_LEVEL = "-Onone";
			};
			name = Debug;
		};
		4502278727629B9A00A1E75C /* Release */ = {
			isa = XCBuildConfiguration;
			buildSettings = {
				ALWAYS_SEARCH_USER_PATHS = NO;
				CLANG_ANALYZER_NONNULL = YES;
				CLANG_ANALYZER_NUMBER_OBJECT_CONVERSION = YES_AGGRESSIVE;
				CLANG_CXX_LANGUAGE_STANDARD = "gnu++17";
				CLANG_CXX_LIBRARY = "libc++";
				CLANG_ENABLE_MODULES = YES;
				CLANG_ENABLE_OBJC_ARC = YES;
				CLANG_ENABLE_OBJC_WEAK = YES;
				CLANG_WARN_BLOCK_CAPTURE_AUTORELEASING = YES;
				CLANG_WARN_BOOL_CONVERSION = YES;
				CLANG_WARN_COMMA = YES;
				CLANG_WARN_CONSTANT_CONVERSION = YES;
				CLANG_WARN_DEPRECATED_OBJC_IMPLEMENTATIONS = YES;
				CLANG_WARN_DIRECT_OBJC_ISA_USAGE = YES_ERROR;
				CLANG_WARN_DOCUMENTATION_COMMENTS = YES;
				CLANG_WARN_EMPTY_BODY = YES;
				CLANG_WARN_ENUM_CONVERSION = YES;
				CLANG_WARN_INFINITE_RECURSION = YES;
				CLANG_WARN_INT_CONVERSION = YES;
				CLANG_WARN_NON_LITERAL_NULL_CONVERSION = YES;
				CLANG_WARN_OBJC_IMPLICIT_RETAIN_SELF = YES;
				CLANG_WARN_OBJC_LITERAL_CONVERSION = YES;
				CLANG_WARN_OBJC_ROOT_CLASS = YES_ERROR;
				CLANG_WARN_QUOTED_INCLUDE_IN_FRAMEWORK_HEADER = YES;
				CLANG_WARN_RANGE_LOOP_ANALYSIS = YES;
				CLANG_WARN_STRICT_PROTOTYPES = YES;
				CLANG_WARN_SUSPICIOUS_MOVE = YES;
				CLANG_WARN_UNGUARDED_AVAILABILITY = YES_AGGRESSIVE;
				CLANG_WARN_UNREACHABLE_CODE = YES;
				CLANG_WARN__DUPLICATE_METHOD_MATCH = YES;
				COPY_PHASE_STRIP = NO;
				DEBUG_INFORMATION_FORMAT = "dwarf-with-dsym";
				ENABLE_NS_ASSERTIONS = NO;
				ENABLE_STRICT_OBJC_MSGSEND = YES;
				GCC_C_LANGUAGE_STANDARD = gnu11;
				GCC_NO_COMMON_BLOCKS = YES;
				GCC_WARN_64_TO_32_BIT_CONVERSION = YES;
				GCC_WARN_ABOUT_RETURN_TYPE = YES_ERROR;
				GCC_WARN_UNDECLARED_SELECTOR = YES;
				GCC_WARN_UNINITIALIZED_AUTOS = YES_AGGRESSIVE;
				GCC_WARN_UNUSED_FUNCTION = YES;
				GCC_WARN_UNUSED_VARIABLE = YES;
				IPHONEOS_DEPLOYMENT_TARGET = 13.0;
				MTL_ENABLE_DEBUG_INFO = NO;
				MTL_FAST_MATH = YES;
				SDKROOT = iphoneos;
				SWIFT_COMPILATION_MODE = wholemodule;
				SWIFT_OPTIMIZATION_LEVEL = "-O";
				VALIDATE_PRODUCT = YES;
			};
			name = Release;
		};
		4502278927629B9A00A1E75C /* Debug */ = {
			isa = XCBuildConfiguration;
			buildSettings = {
				ASSETCATALOG_COMPILER_APPICON_NAME = AppIcon;
				ASSETCATALOG_COMPILER_GLOBAL_ACCENT_COLOR_NAME = AccentColor;
				CODE_SIGN_STYLE = Automatic;
				CURRENT_PROJECT_VERSION = 1;
				DEVELOPMENT_TEAM = 88GGD7677D;
				GENERATE_INFOPLIST_FILE = YES;
				INFOPLIST_FILE = NewsApp/Info.plist;
				INFOPLIST_KEY_UIApplicationSupportsIndirectInputEvents = YES;
				INFOPLIST_KEY_UILaunchStoryboardName = LaunchScreen;
				INFOPLIST_KEY_UISupportedInterfaceOrientations = UIInterfaceOrientationPortrait;
				INFOPLIST_KEY_UISupportedInterfaceOrientations_iPad = "UIInterfaceOrientationPortrait UIInterfaceOrientationPortraitUpsideDown UIInterfaceOrientationLandscapeLeft UIInterfaceOrientationLandscapeRight";
				INFOPLIST_KEY_UISupportedInterfaceOrientations_iPhone = "UIInterfaceOrientationPortrait UIInterfaceOrientationLandscapeLeft UIInterfaceOrientationLandscapeRight";
				IPHONEOS_DEPLOYMENT_TARGET = 13.0;
				LD_RUNPATH_SEARCH_PATHS = (
					"$(inherited)",
					"@executable_path/Frameworks",
				);
				MARKETING_VERSION = 1.0;
				PRODUCT_BUNDLE_IDENTIFIER = com.borisbolsh.NewsApp;
				PRODUCT_NAME = "$(TARGET_NAME)";
				SWIFT_EMIT_LOC_STRINGS = YES;
				SWIFT_VERSION = 5.0;
				TARGETED_DEVICE_FAMILY = 1;
			};
			name = Debug;
		};
		4502278A27629B9A00A1E75C /* Release */ = {
			isa = XCBuildConfiguration;
			buildSettings = {
				ASSETCATALOG_COMPILER_APPICON_NAME = AppIcon;
				ASSETCATALOG_COMPILER_GLOBAL_ACCENT_COLOR_NAME = AccentColor;
				CODE_SIGN_STYLE = Automatic;
				CURRENT_PROJECT_VERSION = 1;
				DEVELOPMENT_TEAM = 88GGD7677D;
				GENERATE_INFOPLIST_FILE = YES;
				INFOPLIST_FILE = NewsApp/Info.plist;
				INFOPLIST_KEY_UIApplicationSupportsIndirectInputEvents = YES;
				INFOPLIST_KEY_UILaunchStoryboardName = LaunchScreen;
				INFOPLIST_KEY_UISupportedInterfaceOrientations = UIInterfaceOrientationPortrait;
				INFOPLIST_KEY_UISupportedInterfaceOrientations_iPad = "UIInterfaceOrientationPortrait UIInterfaceOrientationPortraitUpsideDown UIInterfaceOrientationLandscapeLeft UIInterfaceOrientationLandscapeRight";
				INFOPLIST_KEY_UISupportedInterfaceOrientations_iPhone = "UIInterfaceOrientationPortrait UIInterfaceOrientationLandscapeLeft UIInterfaceOrientationLandscapeRight";
				IPHONEOS_DEPLOYMENT_TARGET = 13.0;
				LD_RUNPATH_SEARCH_PATHS = (
					"$(inherited)",
					"@executable_path/Frameworks",
				);
				MARKETING_VERSION = 1.0;
				PRODUCT_BUNDLE_IDENTIFIER = com.borisbolsh.NewsApp;
				PRODUCT_NAME = "$(TARGET_NAME)";
				SWIFT_EMIT_LOC_STRINGS = YES;
				SWIFT_VERSION = 5.0;
				TARGETED_DEVICE_FAMILY = 1;
			};
			name = Release;
		};
/* End XCBuildConfiguration section */

/* Begin XCConfigurationList section */
		4502276F27629B9900A1E75C /* Build configuration list for PBXProject "NewsApp" */ = {
			isa = XCConfigurationList;
			buildConfigurations = (
				4502278627629B9A00A1E75C /* Debug */,
				4502278727629B9A00A1E75C /* Release */,
			);
			defaultConfigurationIsVisible = 0;
			defaultConfigurationName = Release;
		};
		4502278827629B9A00A1E75C /* Build configuration list for PBXNativeTarget "NewsApp" */ = {
			isa = XCConfigurationList;
			buildConfigurations = (
				4502278927629B9A00A1E75C /* Debug */,
				4502278A27629B9A00A1E75C /* Release */,
			);
			defaultConfigurationIsVisible = 0;
			defaultConfigurationName = Release;
		};
/* End XCConfigurationList section */
	};
	rootObject = 4502276C27629B9900A1E75C /* Project object */;
}
